// !$*UTF8*$!
{
	archiveVersion = 1;
	classes = {
	};
	objectVersion = 56;
	objects = {

/* Begin PBXBuildFile section */
		A10000010000000000000001 /* WasteDiaryApp.swift in Sources */ = {isa = PBXBuildFile; fileRef = A20000010000000000000001 /* WasteDiaryApp.swift */; };
		A10000020000000000000002 /* WasteEntry.swift in Sources */ = {isa = PBXBuildFile; fileRef = A20000020000000000000002 /* WasteEntry.swift */; };
		A10000030000000000000003 /* WasteReason.swift in Sources */ = {isa = PBXBuildFile; fileRef = A20000030000000000000003 /* WasteReason.swift */; };
		A10000040000000000000004 /* FoodCategory.swift in Sources */ = {isa = PBXBuildFile; fileRef = A20000040000000000000004 /* FoodCategory.swift */; };
		A10000050000000000000005 /* GemmaResult.swift in Sources */ = {isa = PBXBuildFile; fileRef = A20000050000000000000005 /* GemmaResult.swift */; };
		A10000060000000000000006 /* WasteViewModel.swift in Sources */ = {isa = PBXBuildFile; fileRef = A20000060000000000000006 /* WasteViewModel.swift */; };
		A10000070000000000000007 /* HomeView.swift in Sources */ = {isa = PBXBuildFile; fileRef = A20000070000000000000007 /* HomeView.swift */; };
		A10000080000000000000008 /* CameraView.swift in Sources */ = {isa = PBXBuildFile; fileRef = A20000080000000000000008 /* CameraView.swift */; };
		A10000090000000000000009 /* ConfirmEntryView.swift in Sources */ = {isa = PBXBuildFile; fileRef = A20000090000000000000009 /* ConfirmEntryView.swift */; };
		A10000100000000000000010 /* DashboardView.swift in Sources */ = {isa = PBXBuildFile; fileRef = A20000100000000000000010 /* DashboardView.swift */; };
		A10000110000000000000011 /* HistoryView.swift in Sources */ = {isa = PBXBuildFile; fileRef = A20000110000000000000011 /* HistoryView.swift */; };
		A10000120000000000000012 /* CameraManager.swift in Sources */ = {isa = PBXBuildFile; fileRef = A20000120000000000000012 /* CameraManager.swift */; };
		A10000130000000000000013 /* Assets.xcassets in Resources */ = {isa = PBXBuildFile; fileRef = A20000130000000000000013 /* Assets.xcassets */; };
		C22414F52FAA9F2A00C67688 /* GemmaInferenceService.swift in Sources */ = {isa = PBXBuildFile; fileRef = C22414F42FAA9F2A00C67688 /* GemmaInferenceService.swift */; };
		A10000150000000000000015 /* APIKeys.swift in Sources */ = {isa = PBXBuildFile; fileRef = A20000150000000000000015 /* APIKeys.swift */; };
		A10000160000000000000016 /* ScanMode.swift in Sources */ = {isa = PBXBuildFile; fileRef = A20000160000000000000016 /* ScanMode.swift */; };
		A10000170000000000000017 /* ReceiptResult.swift in Sources */ = {isa = PBXBuildFile; fileRef = A20000170000000000000017 /* ReceiptResult.swift */; };
		A10000180000000000000018 /* ScanPickerView.swift in Sources */ = {isa = PBXBuildFile; fileRef = A20000180000000000000018 /* ScanPickerView.swift */; };
		A10000190000000000000019 /* ConfirmReceiptView.swift in Sources */ = {isa = PBXBuildFile; fileRef = A20000190000000000000019 /* ConfirmReceiptView.swift */; };
		A10000200000000000000020 /* ReceiptEntry.swift in Sources */ = {isa = PBXBuildFile; fileRef = A20000200000000000000020 /* ReceiptEntry.swift */; };
		A10000210000000000000021 /* ReceiptHistoryView.swift in Sources */ = {isa = PBXBuildFile; fileRef = A20000210000000000000021 /* ReceiptHistoryView.swift */; };
		A10000220000000000000022 /* SuggestionsView.swift in Sources */ = {isa = PBXBuildFile; fileRef = A20000220000000000000022 /* SuggestionsView.swift */; };
/* End PBXBuildFile section */

/* Begin PBXFileReference section */
		A20000010000000000000001 /* WasteDiaryApp.swift */ = {isa = PBXFileReference; lastKnownFileType = sourcecode.swift; path = WasteDiaryApp.swift; sourceTree = "<group>"; };
		A20000020000000000000002 /* WasteEntry.swift */ = {isa = PBXFileReference; lastKnownFileType = sourcecode.swift; path = WasteEntry.swift; sourceTree = "<group>"; };
		A20000030000000000000003 /* WasteReason.swift */ = {isa = PBXFileReference; lastKnownFileType = sourcecode.swift; path = WasteReason.swift; sourceTree = "<group>"; };
		A20000040000000000000004 /* FoodCategory.swift */ = {isa = PBXFileReference; lastKnownFileType = sourcecode.swift; path = FoodCategory.swift; sourceTree = "<group>"; };
		A20000050000000000000005 /* GemmaResult.swift */ = {isa = PBXFileReference; lastKnownFileType = sourcecode.swift; path = GemmaResult.swift; sourceTree = "<group>"; };
		A20000060000000000000006 /* WasteViewModel.swift */ = {isa = PBXFileReference; lastKnownFileType = sourcecode.swift; path = WasteViewModel.swift; sourceTree = "<group>"; };
		A20000070000000000000007 /* HomeView.swift */ = {isa = PBXFileReference; lastKnownFileType = sourcecode.swift; path = HomeView.swift; sourceTree = "<group>"; };
		A20000080000000000000008 /* CameraView.swift */ = {isa = PBXFileReference; lastKnownFileType = sourcecode.swift; path = CameraView.swift; sourceTree = "<group>"; };
		A20000090000000000000009 /* ConfirmEntryView.swift */ = {isa = PBXFileReference; lastKnownFileType = sourcecode.swift; path = ConfirmEntryView.swift; sourceTree = "<group>"; };
		A20000100000000000000010 /* DashboardView.swift */ = {isa = PBXFileReference; lastKnownFileType = sourcecode.swift; path = DashboardView.swift; sourceTree = "<group>"; };
		A20000110000000000000011 /* HistoryView.swift */ = {isa = PBXFileReference; lastKnownFileType = sourcecode.swift; path = HistoryView.swift; sourceTree = "<group>"; };
		A20000120000000000000012 /* CameraManager.swift */ = {isa = PBXFileReference; lastKnownFileType = sourcecode.swift; path = CameraManager.swift; sourceTree = "<group>"; };
		A20000130000000000000013 /* Assets.xcassets */ = {isa = PBXFileReference; lastKnownFileType = folder.assetcatalog; path = Assets.xcassets; sourceTree = "<group>"; };
		A30000010000000000000001 /* WasteDiary.app */ = {isa = PBXFileReference; explicitFileType = wrapper.application; includeInIndex = 0; path = WasteDiary.app; sourceTree = BUILT_PRODUCTS_DIR; };
		C22414F42FAA9F2A00C67688 /* GemmaInferenceService.swift */ = {isa = PBXFileReference; lastKnownFileType = sourcecode.swift; path = Services/GemmaInferenceService.swift; sourceTree = "<group>"; };
		A20000150000000000000015 /* APIKeys.swift */ = {isa = PBXFileReference; lastKnownFileType = sourcecode.swift; path = Services/APIKeys.swift; sourceTree = "<group>"; };
		A20000160000000000000016 /* ScanMode.swift */ = {isa = PBXFileReference; lastKnownFileType = sourcecode.swift; path = ScanMode.swift; sourceTree = "<group>"; };
		A20000170000000000000017 /* ReceiptResult.swift */ = {isa = PBXFileReference; lastKnownFileType = sourcecode.swift; path = ReceiptResult.swift; sourceTree = "<group>"; };
		A20000180000000000000018 /* ScanPickerView.swift */ = {isa = PBXFileReference; lastKnownFileType = sourcecode.swift; path = ScanPickerView.swift; sourceTree = "<group>"; };
		A20000190000000000000019 /* ConfirmReceiptView.swift */ = {isa = PBXFileReference; lastKnownFileType = sourcecode.swift; path = ConfirmReceiptView.swift; sourceTree = "<group>"; };
		A20000200000000000000020 /* ReceiptEntry.swift */ = {isa = PBXFileReference; lastKnownFileType = sourcecode.swift; path = ReceiptEntry.swift; sourceTree = "<group>"; };
		A20000210000000000000021 /* ReceiptHistoryView.swift */ = {isa = PBXFileReference; lastKnownFileType = sourcecode.swift; path = ReceiptHistoryView.swift; sourceTree = "<group>"; };
		A20000220000000000000022 /* SuggestionsView.swift */ = {isa = PBXFileReference; lastKnownFileType = sourcecode.swift; path = SuggestionsView.swift; sourceTree = "<group>"; };
/* End PBXFileReference section */

/* Begin PBXFrameworksBuildPhase section */
		A40000010000000000000001 /* Frameworks */ = {
			isa = PBXFrameworksBuildPhase;
			buildActionMask = 2147483647;
			files = (
			);
			runOnlyForDeploymentPostprocessing = 0;
		};
/* End PBXFrameworksBuildPhase section */

/* Begin PBXGroup section */
		A50000010000000000000001 = {
			isa = PBXGroup;
			children = (
				A50000020000000000000002 /* WasteDiary */,
				A50000060000000000000006 /* Products */,
			);
			sourceTree = "<group>";
		};
		A50000020000000000000002 /* WasteDiary */ = {
			isa = PBXGroup;
			children = (
				C22414F42FAA9F2A00C67688 /* GemmaInferenceService.swift */,
				A20000150000000000000015 /* APIKeys.swift */,
				A20000010000000000000001 /* WasteDiaryApp.swift */,
				A50000030000000000000003 /* Models */,
				A50000040000000000000004 /* ViewModels */,
				A50000050000000000000005 /* Views */,
				A50000070000000000000007 /* Camera */,
				A20000130000000000000013 /* Assets.xcassets */,
			);
			path = WasteDiary;
			sourceTree = "<group>";
		};
		A50000030000000000000003 /* Models */ = {
			isa = PBXGroup;
			children = (
				A20000020000000000000002 /* WasteEntry.swift */,
				A20000030000000000000003 /* WasteReason.swift */,
				A20000040000000000000004 /* FoodCategory.swift */,
				A20000050000000000000005 /* GemmaResult.swift */,
				A20000160000000000000016 /* ScanMode.swift */,
				A20000170000000000000017 /* ReceiptResult.swift */,
				A20000200000000000000020 /* ReceiptEntry.swift */,
			);
			path = Models;
			sourceTree = "<group>";
		};
		A50000040000000000000004 /* ViewModels */ = {
			isa = PBXGroup;
			children = (
				A20000060000000000000006 /* WasteViewModel.swift */,
			);
			path = ViewModels;
			sourceTree = "<group>";
		};
		A50000050000000000000005 /* Views */ = {
			isa = PBXGroup;
			children = (
				A20000070000000000000007 /* HomeView.swift */,
				A20000080000000000000008 /* CameraView.swift */,
				A20000090000000000000009 /* ConfirmEntryView.swift */,
				A20000100000000000000010 /* DashboardView.swift */,
				A20000110000000000000011 /* HistoryView.swift */,
				A20000180000000000000018 /* ScanPickerView.swift */,
				A20000190000000000000019 /* ConfirmReceiptView.swift */,
				A20000210000000000000021 /* ReceiptHistoryView.swift */,
				A20000220000000000000022 /* SuggestionsView.swift */,
			);
			path = Views;
			sourceTree = "<group>";
		};
		A50000060000000000000006 /* Products */ = {
			isa = PBXGroup;
			children = (
				A30000010000000000000001 /* WasteDiary.app */,
			);
			name = Products;
			sourceTree = "<group>";
		};
		A50000070000000000000007 /* Camera */ = {
			isa = PBXGroup;
			children = (
				A20000120000000000000012 /* CameraManager.swift */,
			);
			path = Camera;
			sourceTree = "<group>";
		};
/* End PBXGroup section */

/* Begin PBXNativeTarget section */
		A60000010000000000000001 /* WasteDiary */ = {
			isa = PBXNativeTarget;
			buildConfigurationList = A80000030000000000000003 /* Build configuration list for PBXNativeTarget "WasteDiary" */;
			buildPhases = (
				A70000010000000000000001 /* Sources */,
				A40000010000000000000001 /* Frameworks */,
				A70000020000000000000002 /* Resources */,
			);
			buildRules = (
			);
			dependencies = (
			);
			name = WasteDiary;
			productName = WasteDiary;
			productReference = A30000010000000000000001 /* WasteDiary.app */;
			productType = "com.apple.product-type.application";
		};
/* End PBXNativeTarget section */

/* Begin PBXProject section */
		A90000010000000000000001 /* Project object */ = {
			isa = PBXProject;
			attributes = {
				BuildIndependentTargetsInParallel = 1;
				LastSwiftUpdateCheck = 1540;
				LastUpgradeCheck = 2630;
				TargetAttributes = {
					A60000010000000000000001 = {
						CreatedOnToolsVersion = 15.4;
					};
				};
			};
			buildConfigurationList = A80000010000000000000001 /* Build configuration list for PBXProject "WasteDiary" */;
			compatibilityVersion = "Xcode 14.0";
			developmentRegion = en;
			hasScannedForEncodings = 0;
			knownRegions = (
				en,
				Base,
			);
			mainGroup = A50000010000000000000001;
			productRefGroup = A50000060000000000000006 /* Products */;
			projectDirPath = "";
			projectRoot = "";
			targets = (
				A60000010000000000000001 /* WasteDiary */,
			);
		};
/* End PBXProject section */

/* Begin PBXResourcesBuildPhase section */
		A70000020000000000000002 /* Resources */ = {
			isa = PBXResourcesBuildPhase;
			buildActionMask = 2147483647;
			files = (
				A10000130000000000000013 /* Assets.xcassets in Resources */,
			);
			runOnlyForDeploymentPostprocessing = 0;
		};
/* End PBXResourcesBuildPhase section */

/* Begin PBXSourcesBuildPhase section */
		A70000010000000000000001 /* Sources */ = {
			isa = PBXSourcesBuildPhase;
			buildActionMask = 2147483647;
			files = (
				A10000010000000000000001 /* WasteDiaryApp.swift in Sources */,
				C22414F52FAA9F2A00C67688 /* GemmaInferenceService.swift in Sources */,
				A10000150000000000000015 /* APIKeys.swift in Sources */,
	A10000020000000000000002 /* WasteEntry.swift in Sources */,
				A10000030000000000000003 /* WasteReason.swift in Sources */,
				A10000040000000000000004 /* FoodCategory.swift in Sources */,
				A10000050000000000000005 /* GemmaResult.swift in Sources */,
				A10000060000000000000006 /* WasteViewModel.swift in Sources */,
				A10000070000000000000007 /* HomeView.swift in Sources */,
				A10000080000000000000008 /* CameraView.swift in Sources */,
				A10000090000000000000009 /* ConfirmEntryView.swift in Sources */,
				A10000100000000000000010 /* DashboardView.swift in Sources */,
				A10000110000000000000011 /* HistoryView.swift in Sources */,
				A10000120000000000000012 /* CameraManager.swift in Sources */,
				A10000160000000000000016 /* ScanMode.swift in Sources */,
				A10000170000000000000017 /* ReceiptResult.swift in Sources */,
				A10000180000000000000018 /* ScanPickerView.swift in Sources */,
				A10000190000000000000019 /* ConfirmReceiptView.swift in Sources */,
				A10000200000000000000020 /* ReceiptEntry.swift in Sources */,
				A10000210000000000000021 /* ReceiptHistoryView.swift in Sources */,
				A10000220000000000000022 /* SuggestionsView.swift in Sources */,
			);
			runOnlyForDeploymentPostprocessing = 0;
		};
/* End PBXSourcesBuildPhase section */

/* Begin XCBuildConfiguration section */
		B10000010000000000000001 /* Debug */ = {
			isa = XCBuildConfiguration;
			buildSettings = {
				ALWAYS_SEARCH_USER_PATHS = NO;
				ASSETCATALOG_COMPILER_GENERATE_SWIFT_ASSET_SYMBOL_EXTENSIONS = YES;
				CLANG_ANALYZER_NONNULL = YES;
				CLANG_ANALYZER_NUMBER_OBJECT_CONVERSION = YES_AGGRESSIVE;
				CLANG_CXX_LANGUAGE_STANDARD = "gnu++20";
				CLANG_ENABLE_MODULES = YES;
				CLANG_ENABLE_OBJC_ARC = YES;
				CLANG_ENABLE_OBJC_WEAK = YES;
				CLANG_WARN_BLOCK_CAPTURE_AUTORELEASING = YES;
				CLANG_WARN_BOOL_CONVERSION = YES;
				CLANG_WARN_COMMA = YES;
				CLANG_WARN_CONSTANT_CONVERSION = YES;
				CLANG_WARN_DEPRECATED_OBJC_IMPLEMENTATIONS = YES;
				CLANG_WARN_DIRECT_OBJC_ISA_USAGE = YES_ERROR;
				CLANG_WARN_DOCUMENTATION_COMMENTS = YES;
				CLANG_WARN_EMPTY_BODY = YES;
				CLANG_WARN_ENUM_CONVERSION = YES;
				CLANG_WARN_INFINITE_RECURSION = YES;
				CLANG_WARN_INT_CONVERSION = YES;
				CLANG_WARN_NON_LITERAL_NULL_CONVERSION = YES;
				CLANG_WARN_OBJC_IMPLICIT_RETAIN_SELF = YES;
				CLANG_WARN_OBJC_LITERAL_CONVERSION = YES;
				CLANG_WARN_OBJC_ROOT_CLASS = YES_ERROR;
				CLANG_WARN_QUOTED_INCLUDE_IN_FRAMEWORK_HEADER = YES;
				CLANG_WARN_RANGE_LOOP_ANALYSIS = YES;
				CLANG_WARN_STRICT_PROTOTYPES = YES;
				CLANG_WARN_SUSPICIOUS_MOVE = YES;
				CLANG_WARN_UNGUARDED_AVAILABILITY = YES_AGGRESSIVE;
				CLANG_WARN_UNREACHABLE_CODE = YES;
				CLANG_WARN__DUPLICATE_METHOD_MATCH = YES;
				COPY_PHASE_STRIP = NO;
				DEBUG_INFORMATION_FORMAT = dwarf;
				DEVELOPMENT_TEAM = L5WQ2DY43Y;
				ENABLE_STRICT_OBJC_MSGSEND = YES;
				ENABLE_TESTABILITY = YES;
				ENABLE_USER_SCRIPT_SANDBOXING = YES;
				GCC_C_LANGUAGE_STANDARD = gnu17;
				GCC_DYNAMIC_NO_PIC = NO;
				GCC_NO_COMMON_BLOCKS = YES;
				GCC_OPTIMIZATION_LEVEL = 0;
				GCC_PREPROCESSOR_DEFINITIONS = (
					"DEBUG=1",
					"$(inherited)",
				);
				GCC_WARN_64_TO_32_BIT_CONVERSION = YES;
				GCC_WARN_ABOUT_RETURN_TYPE = YES_ERROR;
				GCC_WARN_UNDECLARED_SELECTOR = YES;
				GCC_WARN_UNINITIALIZED_AUTOS = YES_AGGRESSIVE;
				GCC_WARN_UNUSED_FUNCTION = YES;
				GCC_WARN_UNUSED_VARIABLE = YES;
				IPHONEOS_DEPLOYMENT_TARGET = 17.0;
				MTL_ENABLE_DEBUG_INFO = INCLUDE_SOURCE;
				MTL_FAST_MATH = YES;
				ONLY_ACTIVE_ARCH = YES;
				SDKROOT = iphoneos;
				STRING_CATALOG_GENERATE_SYMBOLS = YES;
				SWIFT_ACTIVE_COMPILATION_CONDITIONS = "DEBUG $(inherited)";
				SWIFT_OPTIMIZATION_LEVEL = "-Onone";
			};
			name = Debug;
		};
		B10000020000000000000002 /* Release */ = {
			isa = XCBuildConfiguration;
			buildSettings = {
				ALWAYS_SEARCH_USER_PATHS = NO;
				ASSETCATALOG_COMPILER_GENERATE_SWIFT_ASSET_SYMBOL_EXTENSIONS = YES;
				CLANG_ANALYZER_NONNULL = YES;
				CLANG_ANALYZER_NUMBER_OBJECT_CONVERSION = YES_AGGRESSIVE;
				CLANG_CXX_LANGUAGE_STANDARD = "gnu++20";
				CLANG_ENABLE_MODULES = YES;
				CLANG_ENABLE_OBJC_ARC = YES;
				CLANG_ENABLE_OBJC_WEAK = YES;
				CLANG_WARN_BLOCK_CAPTURE_AUTORELEASING = YES;
				CLANG_WARN_BOOL_CONVERSION = YES;
				CLANG_WARN_COMMA = YES;
				CLANG_WARN_CONSTANT_CONVERSION = YES;
				CLANG_WARN_DEPRECATED_OBJC_IMPLEMENTATIONS = YES;
				CLANG_WARN_DIRECT_OBJC_ISA_USAGE = YES_ERROR;
				CLANG_WARN_DOCUMENTATION_COMMENTS = YES;
				CLANG_WARN_EMPTY_BODY = YES;
				CLANG_WARN_ENUM_CONVERSION = YES;
				CLANG_WARN_INFINITE_RECURSION = YES;
				CLANG_WARN_INT_CONVERSION = YES;
				CLANG_WARN_NON_LITERAL_NULL_CONVERSION = YES;
				CLANG_WARN_OBJC_IMPLICIT_RETAIN_SELF = YES;
				CLANG_WARN_OBJC_LITERAL_CONVERSION = YES;
				CLANG_WARN_OBJC_ROOT_CLASS = YES_ERROR;
				CLANG_WARN_QUOTED_INCLUDE_IN_FRAMEWORK_HEADER = YES;
				CLANG_WARN_RANGE_LOOP_ANALYSIS = YES;
				CLANG_WARN_STRICT_PROTOTYPES = YES;
				CLANG_WARN_SUSPICIOUS_MOVE = YES;
				CLANG_WARN_UNGUARDED_AVAILABILITY = YES_AGGRESSIVE;
				CLANG_WARN_UNREACHABLE_CODE = YES;
				CLANG_WARN__DUPLICATE_METHOD_MATCH = YES;
				COPY_PHASE_STRIP = NO;
				DEBUG_INFORMATION_FORMAT = "dwarf-with-dsym";
				DEVELOPMENT_TEAM = L5WQ2DY43Y;
				ENABLE_NS_ASSERTIONS = NO;
				ENABLE_STRICT_OBJC_MSGSEND = YES;
				ENABLE_USER_SCRIPT_SANDBOXING = YES;
				GCC_C_LANGUAGE_STANDARD = gnu17;
				GCC_NO_COMMON_BLOCKS = YES;
				GCC_WARN_64_TO_32_BIT_CONVERSION = YES;
				GCC_WARN_ABOUT_RETURN_TYPE = YES_ERROR;
				GCC_WARN_UNDECLARED_SELECTOR = YES;
				GCC_WARN_UNINITIALIZED_AUTOS = YES_AGGRESSIVE;
				GCC_WARN_UNUSED_FUNCTION = YES;
				GCC_WARN_UNUSED_VARIABLE = YES;
				IPHONEOS_DEPLOYMENT_TARGET = 17.0;
				MTL_ENABLE_DEBUG_INFO = NO;
				MTL_FAST_MATH = YES;
				SDKROOT = iphoneos;
				STRING_CATALOG_GENERATE_SYMBOLS = YES;
				SWIFT_COMPILATION_MODE = wholemodule;
				VALIDATE_PRODUCT = YES;
			};
			name = Release;
		};
		B20000010000000000000001 /* Debug */ = {
			isa = XCBuildConfiguration;
			buildSettings = {
				ASSETCATALOG_COMPILER_APPICON_NAME = AppIcon;
				ASSETCATALOG_COMPILER_GLOBAL_ACCENT_COLOR_NAME = AccentColor;
				CODE_SIGN_STYLE = Automatic;
				CURRENT_PROJECT_VERSION = 1;
				GENERATE_INFOPLIST_FILE = YES;
				INFOPLIST_FILE = WasteDiary/Info.plist;
				INFOPLIST_KEY_NSCameraUsageDescription = "Waste Diary needs camera access to photograph food you are about to discard so the AI can identify and categorize it.";
				INFOPLIST_KEY_UIApplicationSceneManifest_Generation = YES;
				INFOPLIST_KEY_UIApplicationSupportsIndirectInputEvents = YES;
				INFOPLIST_KEY_UILaunchScreen_Generation = YES;
				INFOPLIST_KEY_UISupportedInterfaceOrientations_iPad = "UIInterfaceOrientationPortrait UIInterfaceOrientationPortraitUpsideDown UIInterfaceOrientationLandscapeLeft UIInterfaceOrientationLandscapeRight";
				INFOPLIST_KEY_UISupportedInterfaceOrientations_iPhone = "UIInterfaceOrientationPortrait UIInterfaceOrientationLandscapeLeft UIInterfaceOrientationLandscapeRight";
				LD_RUNPATH_SEARCH_PATHS = (
					"$(inherited)",
					"@executable_path/Frameworks",
				);
				MARKETING_VERSION = 1.0;
				PRODUCT_BUNDLE_IDENTIFIER = com.wastediary.app;
				PRODUCT_NAME = "$(TARGET_NAME)";
				SUPPORTED_PLATFORMS = "iphoneos iphonesimulator";
				SUPPORTS_MACCATALYST = NO;
				SWIFT_EMIT_LOC_STRINGS = YES;
				SWIFT_STRICT_CONCURRENCY = complete;
				SWIFT_VERSION = 5.0;
				TARGETED_DEVICE_FAMILY = "1,2";
			};
			name = Debug;
		};
		B20000020000000000000002 /* Release */ = {
			isa = XCBuildConfiguration;
			buildSettings = {
				ASSETCATALOG_COMPILER_APPICON_NAME = AppIcon;
				ASSETCATALOG_COMPILER_GLOBAL_ACCENT_COLOR_NAME = AccentColor;
				CODE_SIGN_STYLE = Automatic;
				CURRENT_PROJECT_VERSION = 1;
				GENERATE_INFOPLIST_FILE = YES;
				INFOPLIST_FILE = WasteDiary/Info.plist;
				INFOPLIST_KEY_NSCameraUsageDescription = "Waste Diary needs camera access to photograph food you are about to discard so the AI can identify and categorize it.";
				INFOPLIST_KEY_UIApplicationSceneManifest_Generation = YES;
				INFOPLIST_KEY_UIApplicationSupportsIndirectInputEvents = YES;
				INFOPLIST_KEY_UILaunchScreen_Generation = YES;
				INFOPLIST_KEY_UISupportedInterfaceOrientations_iPad = "UIInterfaceOrientationPortrait UIInterfaceOrientationPortraitUpsideDown UIInterfaceOrientationLandscapeLeft UIInterfaceOrientationLandscapeRight";
				INFOPLIST_KEY_UISupportedInterfaceOrientations_iPhone = "UIInterfaceOrientationPortrait UIInterfaceOrientationLandscapeLeft UIInterfaceOrientationLandscapeRight";
				LD_RUNPATH_SEARCH_PATHS = (
					"$(inherited)",
					"@executable_path/Frameworks",
				);
				MARKETING_VERSION = 1.0;
				PRODUCT_BUNDLE_IDENTIFIER = com.wastediary.app;
				PRODUCT_NAME = "$(TARGET_NAME)";
				SUPPORTED_PLATFORMS = "iphoneos iphonesimulator";
				SUPPORTS_MACCATALYST = NO;
				SWIFT_EMIT_LOC_STRINGS = YES;
				SWIFT_STRICT_CONCURRENCY = complete;
				SWIFT_VERSION = 5.0;
				TARGETED_DEVICE_FAMILY = "1,2";
			};
			name = Release;
		};
/* End XCBuildConfiguration section */

/* Begin XCConfigurationList section */
		A80000010000000000000001 /* Build configuration list for PBXProject "WasteDiary" */ = {
			isa = XCConfigurationList;
			buildConfigurations = (
				B10000010000000000000001 /* Debug */,
				B10000020000000000000002 /* Release */,
			);
			defaultConfigurationIsVisible = 0;
			defaultConfigurationName = Release;
		};
		A80000030000000000000003 /* Build configuration list for PBXNativeTarget "WasteDiary" */ = {
			isa = XCConfigurationList;
			buildConfigurations = (
				B20000010000000000000001 /* Debug */,
				B20000020000000000000002 /* Release */,
			);
			defaultConfigurationIsVisible = 0;
			defaultConfigurationName = Release;
		};
/* End XCConfigurationList section */
	};
	rootObject = A90000010000000000000001 /* Project object */;
}
